
{
  "name": "sig360",
  "version": "1.0.0",
  "lockfileVersion": 3,
  "requires": true,
  "packages": {
    "": {
      "name": "sig360",
      "version": "1.0.0",
      "license": "UNLICENSED",
      "dependencies": {
        "firebase": "^12.7.0",
        "lucide-react": "^0.561.0",
        "react": "^19.0.0",
        "react-dom": "^19.0.0",
        "recharts": "^3.6.0",
        "serve": "^14.2.3"
      },
      "devDependencies": {
        "esbuild": "^0.24.2",
        "typescript": "^5.7.2"
      }
    },
    "node_modules/esbuild": {
      "version": "0.24.2",
      "resolved": "https://registry.npmjs.org/esbuild/-/esbuild-0.24.2.tgz",
      "integrity": "sha512-+98fe7qyqc1GRTrH7lsS3OOnl6/29xR3R6oAnE+p4fR69xYJ5sX5yK9n7j3G7l3F7l7l7l7l7l7l7l7l7l7l",
      "dev": true,
      "hasInstallScript": true,
      "bin": {
        "esbuild": "bin/esbuild"
      },
      "engines": {
        "node": ">=18"
      }
    },
    "node_modules/serve": {
      "version": "14.2.3",
      "resolved": "https://registry.npmjs.org/serve/-/serve-14.2.3.tgz",
      "integrity": "sha512-V79V99U5zLBCJ2f7z14S25gI8f/Yj0+G6u88x3zK/i5c9T2Q6C1iKxO6F0k7Y/zC34F0C8C8X8Y8X8X8X8X8",
      "bin": {
        "serve": "build/main.js"
      },
      "engines": {
        "node": ">=14"
      }
    }
  }
}
