{
  "name": "sig-manager-pro",
  "version": "1.6.8",
  "lockfileVersion": 3,
  "requires": true,
  "packages": {
    "": {
      "name": "sig-manager-pro",
      "version": "1.6.8",
      "license": "UNLICENSED",
      "dependencies": {
        "esbuild": "0.24.2",
        "express": "4.21.2",
        "firebase": "11.0.2",
        "lucide-react": "0.460.0",
        "mammoth": "1.8.0",
        "pdfjs-dist": "4.10.38",
        "react": "19.0.0",
        "react-dom": "19.0.0",
        "recharts": "2.15.4",
        "serve": "14.2.3",
        "typescript": "5.7.2",
        "xlsx": "0.18.5"
      }
    },
    "node_modules/esbuild": { 
      "version": "0.24.2",
      "hasInstallScript": true,
      "bin": {
        "esbuild": "bin/esbuild"
      }
    },
    "node_modules/express": { "version": "4.21.2" },
    "node_modules/serve": { 
      "version": "14.2.3",
      "bin": {
        "serve": "build/main.js"
      }
    },
    "node_modules/typescript": { 
      "version": "5.7.2",
      "bin": {
        "tsc": "bin/tsc",
        "tsserver": "bin/tsserver"
      }
    }
  }
}