{
  "name": "sig-manager-pro",
  "version": "1.4.8",
  "lockfileVersion": 3,
  "requires": true,
  "packages": {
    "": {
      "name": "sig-manager-pro",
      "version": "1.4.8",
      "license": "UNLICENSED",
      "dependencies": {
        "express": "4.18.2",
        "firebase": "11.0.2",
        "lucide-react": "0.460.0",
        "pdfjs-dist": "4.8.62",
        "react": "19.0.0",
        "react-dom": "19.0.0",
        "recharts": "2.13.0",
        "serve": "14.2.3",
        "xlsx": "0.18.5"
      },
      "devDependencies": {
        "esbuild": "0.24.2",
        "typescript": "5.7.2"
      }
    },
    "node_modules/express": { "version": "4.18.2" },
    "node_modules/firebase": { "version": "11.0.2" },
    "node_modules/lucide-react": { "version": "0.460.0" },
    "node_modules/pdfjs-dist": { "version": "4.8.62" },
    "node_modules/react": { "version": "19.0.0" },
    "node_modules/react-dom": { "version": "19.0.0" },
    "node_modules/recharts": { "version": "2.13.0" },
    "node_modules/serve": { "version": "14.2.3" },
    "node_modules/xlsx": { "version": "0.18.5" },
    "node_modules/esbuild": { "version": "0.24.2", "dev": true },
    "node_modules/typescript": { "version": "5.7.2", "dev": true }
  }
}